
Microsoft Visual Studio Solution File, Format Version 12.00
# Visual Studio Version 17
VisualStudioVersion = 17.13.35931.197
MinimumVisualStudioVersion = 10.0.40219.1
Project("{FAE04EC0-301F-11D3-BF4B-00C04F79EFBC}") = "UnitTests", "UnitTests\UnitTests.csproj", "{8FF88DEE-7239-4C0D-85EA-D030C9E53DEC}"
EndProject
Project("{FAE04EC0-301F-11D3-BF4B-00C04F79EFBC}") = "NetworkUtility", "NetworkUtility\NetworkUtility.csproj", "{84F1682E-E754-49E2-A73B-EB26270B8D91}"
EndProject
Project("{FAE04EC0-301F-11D3-BF4B-00C04F79EFBC}") = "NetworkUtility.Tests", "NetworkUtility.Tests\NetworkUtility.Tests.csproj", "{4D025CBA-00FF-4E6B-B7AD-6C6612206735}"
	ProjectSection(ProjectDependencies) = postProject
		{84F1682E-E754-49E2-A73B-EB26270B8D91} = {84F1682E-E754-49E2-A73B-EB26270B8D91}
	EndProjectSection
EndProject
Global
	GlobalSection(SolutionConfigurationPlatforms) = preSolution
		Debug|Any CPU = Debug|Any CPU
		Release|Any CPU = Release|Any CPU
	EndGlobalSection
	GlobalSection(ProjectConfigurationPlatforms) = postSolution
		{8FF88DEE-7239-4C0D-85EA-D030C9E53DEC}.Debug|Any CPU.ActiveCfg = Debug|Any CPU
		{8FF88DEE-7239-4C0D-85EA-D030C9E53DEC}.Debug|Any CPU.Build.0 = Debug|Any CPU
		{8FF88DEE-7239-4C0D-85EA-D030C9E53DEC}.Release|Any CPU.ActiveCfg = Release|Any CPU
		{8FF88DEE-7239-4C0D-85EA-D030C9E53DEC}.Release|Any CPU.Build.0 = Release|Any CPU
		{84F1682E-E754-49E2-A73B-EB26270B8D91}.Debug|Any CPU.ActiveCfg = Debug|Any CPU
		{84F1682E-E754-49E2-A73B-EB26270B8D91}.Debug|Any CPU.Build.0 = Debug|Any CPU
		{84F1682E-E754-49E2-A73B-EB26270B8D91}.Release|Any CPU.ActiveCfg = Release|Any CPU
		{84F1682E-E754-49E2-A73B-EB26270B8D91}.Release|Any CPU.Build.0 = Release|Any CPU
		{4D025CBA-00FF-4E6B-B7AD-6C6612206735}.Debug|Any CPU.ActiveCfg = Debug|Any CPU
		{4D025CBA-00FF-4E6B-B7AD-6C6612206735}.Debug|Any CPU.Build.0 = Debug|Any CPU
		{4D025CBA-00FF-4E6B-B7AD-6C6612206735}.Release|Any CPU.ActiveCfg = Release|Any CPU
		{4D025CBA-00FF-4E6B-B7AD-6C6612206735}.Release|Any CPU.Build.0 = Release|Any CPU
	EndGlobalSection
	GlobalSection(SolutionProperties) = preSolution
		HideSolutionNode = FALSE
	EndGlobalSection
	GlobalSection(ExtensibilityGlobals) = postSolution
		SolutionGuid = {99FE0D7A-CC5C-4C39-A73E-52E650B62CA6}
	EndGlobalSection
EndGlobal
